// !$*UTF8*$!
{
	archiveVersion = 1;
	classes = {
	};
	objectVersion = 46;
	objects = {

/* Begin PBXBuildFile section */
		1F460B4A1E16DE6700BA4E53 /* Sound in Resources */ = {isa = PBXBuildFile; fileRef = 1F460B491E16DE6700BA4E53 /* Sound */; };
		1F58AB511E088A6A0037EECF /* AppDelegate.swift in Sources */ = {isa = PBXBuildFile; fileRef = 1F58AB501E088A6A0037EECF /* AppDelegate.swift */; };
		1F58AB531E088A6A0037EECF /* CurrentLocationViewController.swift in Sources */ = {isa = PBXBuildFile; fileRef = 1F58AB521E088A6A0037EECF /* CurrentLocationViewController.swift */; };
		1F58AB581E088A6A0037EECF /* Main.storyboard in Resources */ = {isa = PBXBuildFile; fileRef = 1F58AB561E088A6A0037EECF /* Main.storyboard */; };
		1F58AB5A1E088A6A0037EECF /* Assets.xcassets in Resources */ = {isa = PBXBuildFile; fileRef = 1F58AB591E088A6A0037EECF /* Assets.xcassets */; };
		1FC387E41E0CAD1B00D69304 /* MapKit.framework in Frameworks */ = {isa = PBXBuildFile; fileRef = 1FC387E31E0CAD1B00D69304 /* MapKit.framework */; };
		1FC387E61E0CAD9900D69304 /* MapViewController.swift in Sources */ = {isa = PBXBuildFile; fileRef = 1FC387E51E0CAD9900D69304 /* MapViewController.swift */; };
		1FCB91571E09A477007EEFC6 /* LocationDetailsViewController.swift in Sources */ = {isa = PBXBuildFile; fileRef = 1FCB91561E09A477007EEFC6 /* LocationDetailsViewController.swift */; };
		1FCCEE341E15E7C200B65675 /* UIImage+Resize.swift in Sources */ = {isa = PBXBuildFile; fileRef = 1FCCEE331E15E7C200B65675 /* UIImage+Resize.swift */; };
		1FCCEE361E15EEBB00B65675 /* String+AddText.swift in Sources */ = {isa = PBXBuildFile; fileRef = 1FCCEE351E15EEBB00B65675 /* String+AddText.swift */; };
		1FCCEE381E15F50F00B65675 /* MyTabBarController.swift in Sources */ = {isa = PBXBuildFile; fileRef = 1FCCEE371E15F50F00B65675 /* MyTabBarController.swift */; };
		1FCCEE3A1E15F5C900B65675 /* MyNavigationController.swift in Sources */ = {isa = PBXBuildFile; fileRef = 1FCCEE391E15F5C900B65675 /* MyNavigationController.swift */; };
		1FCCEE3C1E15F63200B65675 /* MyImagePickerController.swift in Sources */ = {isa = PBXBuildFile; fileRef = 1FCCEE3B1E15F63200B65675 /* MyImagePickerController.swift */; };
		1FD93E861E09BEA4001AB5C5 /* CategoryPickerViewController.swift in Sources */ = {isa = PBXBuildFile; fileRef = 1FD93E851E09BEA4001AB5C5 /* CategoryPickerViewController.swift */; };
		1FD93E881E09D1E3001AB5C5 /* HudView.swift in Sources */ = {isa = PBXBuildFile; fileRef = 1FD93E871E09D1E3001AB5C5 /* HudView.swift */; };
		1FD93E8A1E09DB24001AB5C5 /* Functions.swift in Sources */ = {isa = PBXBuildFile; fileRef = 1FD93E891E09DB24001AB5C5 /* Functions.swift */; };
		1FD93E8D1E09FF36001AB5C5 /* DataModel.xcdatamodeld in Sources */ = {isa = PBXBuildFile; fileRef = 1FD93E8B1E09FF36001AB5C5 /* DataModel.xcdatamodeld */; };
		1FD93E901E0A0195001AB5C5 /* Location+CoreDataClass.swift in Sources */ = {isa = PBXBuildFile; fileRef = 1FD93E8E1E0A0195001AB5C5 /* Location+CoreDataClass.swift */; };
		1FD93E911E0A0195001AB5C5 /* Location+CoreDataProperties.swift in Sources */ = {isa = PBXBuildFile; fileRef = 1FD93E8F1E0A0195001AB5C5 /* Location+CoreDataProperties.swift */; };
		1FE187001E0B443A004A9A94 /* LocationsViewController.swift in Sources */ = {isa = PBXBuildFile; fileRef = 1FE186FF1E0B443A004A9A94 /* LocationsViewController.swift */; };
		1FE187041E0B5715004A9A94 /* LocationCell.swift in Sources */ = {isa = PBXBuildFile; fileRef = 1FE187031E0B5715004A9A94 /* LocationCell.swift */; };
/* End PBXBuildFile section */

/* Begin PBXFileReference section */
		1F460B491E16DE6700BA4E53 /* Sound */ = {isa = PBXFileReference; lastKnownFileType = folder; path = Sound; sourceTree = "<group>"; };
		1F58AB4D1E088A6A0037EECF /* MyLocations.app */ = {isa = PBXFileReference; explicitFileType = wrapper.application; includeInIndex = 0; path = MyLocations.app; sourceTree = BUILT_PRODUCTS_DIR; };
		1F58AB501E088A6A0037EECF /* AppDelegate.swift */ = {isa = PBXFileReference; lastKnownFileType = sourcecode.swift; path = AppDelegate.swift; sourceTree = "<group>"; };
		1F58AB521E088A6A0037EECF /* CurrentLocationViewController.swift */ = {isa = PBXFileReference; lastKnownFileType = sourcecode.swift; path = CurrentLocationViewController.swift; sourceTree = "<group>"; };
		1F58AB571E088A6A0037EECF /* Base */ = {isa = PBXFileReference; lastKnownFileType = file.storyboard; name = Base; path = Base.lproj/Main.storyboard; sourceTree = "<group>"; };
		1F58AB591E088A6A0037EECF /* Assets.xcassets */ = {isa = PBXFileReference; lastKnownFileType = folder.assetcatalog; path = Assets.xcassets; sourceTree = "<group>"; };
		1F58AB5E1E088A6A0037EECF /* Info.plist */ = {isa = PBXFileReference; lastKnownFileType = text.plist.xml; path = Info.plist; sourceTree = "<group>"; };
		1FC387E31E0CAD1B00D69304 /* MapKit.framework */ = {isa = PBXFileReference; lastKnownFileType = wrapper.framework; name = MapKit.framework; path = System/Library/Frameworks/MapKit.framework; sourceTree = SDKROOT; };
		1FC387E51E0CAD9900D69304 /* MapViewController.swift */ = {isa = PBXFileReference; fileEncoding = 4; lastKnownFileType = sourcecode.swift; path = MapViewController.swift; sourceTree = "<group>"; };
		1FCB91561E09A477007EEFC6 /* LocationDetailsViewController.swift */ = {isa = PBXFileReference; fileEncoding = 4; lastKnownFileType = sourcecode.swift; path = LocationDetailsViewController.swift; sourceTree = "<group>"; };
		1FCCEE331E15E7C200B65675 /* UIImage+Resize.swift */ = {isa = PBXFileReference; fileEncoding = 4; lastKnownFileType = sourcecode.swift; path = "UIImage+Resize.swift"; sourceTree = "<group>"; };
		1FCCEE351E15EEBB00B65675 /* String+AddText.swift */ = {isa = PBXFileReference; fileEncoding = 4; lastKnownFileType = sourcecode.swift; path = "String+AddText.swift"; sourceTree = "<group>"; };
		1FCCEE371E15F50F00B65675 /* MyTabBarController.swift */ = {isa = PBXFileReference; fileEncoding = 4; lastKnownFileType = sourcecode.swift; path = MyTabBarController.swift; sourceTree = "<group>"; };
		1FCCEE391E15F5C900B65675 /* MyNavigationController.swift */ = {isa = PBXFileReference; fileEncoding = 4; lastKnownFileType = sourcecode.swift; path = MyNavigationController.swift; sourceTree = "<group>"; };
		1FCCEE3B1E15F63200B65675 /* MyImagePickerController.swift */ = {isa = PBXFileReference; fileEncoding = 4; lastKnownFileType = sourcecode.swift; path = MyImagePickerController.swift; sourceTree = "<group>"; };
		1FD93E851E09BEA4001AB5C5 /* CategoryPickerViewController.swift */ = {isa = PBXFileReference; fileEncoding = 4; lastKnownFileType = sourcecode.swift; path = CategoryPickerViewController.swift; sourceTree = "<group>"; };
		1FD93E871E09D1E3001AB5C5 /* HudView.swift */ = {isa = PBXFileReference; fileEncoding = 4; lastKnownFileType = sourcecode.swift; path = HudView.swift; sourceTree = "<group>"; };
		1FD93E891E09DB24001AB5C5 /* Functions.swift */ = {isa = PBXFileReference; fileEncoding = 4; lastKnownFileType = sourcecode.swift; path = Functions.swift; sourceTree = "<group>"; };
		1FD93E8C1E09FF36001AB5C5 /* DataModel.xcdatamodel */ = {isa = PBXFileReference; lastKnownFileType = wrapper.xcdatamodel; path = DataModel.xcdatamodel; sourceTree = "<group>"; };
		1FD93E8E1E0A0195001AB5C5 /* Location+CoreDataClass.swift */ = {isa = PBXFileReference; fileEncoding = 4; lastKnownFileType = sourcecode.swift; name = "Location+CoreDataClass.swift"; path = "../Location+CoreDataClass.swift"; sourceTree = "<group>"; };
		1FD93E8F1E0A0195001AB5C5 /* Location+CoreDataProperties.swift */ = {isa = PBXFileReference; fileEncoding = 4; lastKnownFileType = sourcecode.swift; name = "Location+CoreDataProperties.swift"; path = "../Location+CoreDataProperties.swift"; sourceTree = "<group>"; };
		1FE186FF1E0B443A004A9A94 /* LocationsViewController.swift */ = {isa = PBXFileReference; fileEncoding = 4; lastKnownFileType = sourcecode.swift; path = LocationsViewController.swift; sourceTree = "<group>"; };
		1FE187031E0B5715004A9A94 /* LocationCell.swift */ = {isa = PBXFileReference; fileEncoding = 4; lastKnownFileType = sourcecode.swift; path = LocationCell.swift; sourceTree = "<group>"; };
/* End PBXFileReference section */

/* Begin PBXFrameworksBuildPhase section */
		1F58AB4A1E088A690037EECF /* Frameworks */ = {
			isa = PBXFrameworksBuildPhase;
			buildActionMask = 2147483647;
			files = (
				1FC387E41E0CAD1B00D69304 /* MapKit.framework in Frameworks */,
			);
			runOnlyForDeploymentPostprocessing = 0;
		};
/* End PBXFrameworksBuildPhase section */

/* Begin PBXGroup section */
		1F58AB441E088A690037EECF = {
			isa = PBXGroup;
			children = (
				1F58AB4F1E088A6A0037EECF /* MyLocations */,
				1F58AB4E1E088A6A0037EECF /* Products */,
				1FC387E21E0CAD1B00D69304 /* Frameworks */,
			);
			sourceTree = "<group>";
		};
		1F58AB4E1E088A6A0037EECF /* Products */ = {
			isa = PBXGroup;
			children = (
				1F58AB4D1E088A6A0037EECF /* MyLocations.app */,
			);
			name = Products;
			sourceTree = "<group>";
		};
		1F58AB4F1E088A6A0037EECF /* MyLocations */ = {
			isa = PBXGroup;
			children = (
				1F58AB501E088A6A0037EECF /* AppDelegate.swift */,
				1F58AB591E088A6A0037EECF /* Assets.xcassets */,
				1FD93E851E09BEA4001AB5C5 /* CategoryPickerViewController.swift */,
				1F58AB521E088A6A0037EECF /* CurrentLocationViewController.swift */,
				1FD93E8B1E09FF36001AB5C5 /* DataModel.xcdatamodeld */,
				1FD93E891E09DB24001AB5C5 /* Functions.swift */,
				1FD93E871E09D1E3001AB5C5 /* HudView.swift */,
				1F58AB5E1E088A6A0037EECF /* Info.plist */,
				1FD93E8E1E0A0195001AB5C5 /* Location+CoreDataClass.swift */,
				1FD93E8F1E0A0195001AB5C5 /* Location+CoreDataProperties.swift */,
				1FE187031E0B5715004A9A94 /* LocationCell.swift */,
				1FCB91561E09A477007EEFC6 /* LocationDetailsViewController.swift */,
				1FE186FF1E0B443A004A9A94 /* LocationsViewController.swift */,
				1F58AB561E088A6A0037EECF /* Main.storyboard */,
				1FC387E51E0CAD9900D69304 /* MapViewController.swift */,
				1FCCEE331E15E7C200B65675 /* UIImage+Resize.swift */,
				1FCCEE351E15EEBB00B65675 /* String+AddText.swift */,
				1FCCEE371E15F50F00B65675 /* MyTabBarController.swift */,
				1FCCEE391E15F5C900B65675 /* MyNavigationController.swift */,
				1FCCEE3B1E15F63200B65675 /* MyImagePickerController.swift */,
				1F460B491E16DE6700BA4E53 /* Sound */,
			);
			path = MyLocations;
			sourceTree = "<group>";
		};
		1FC387E21E0CAD1B00D69304 /* Frameworks */ = {
			isa = PBXGroup;
			children = (
				1FC387E31E0CAD1B00D69304 /* MapKit.framework */,
			);
			name = Frameworks;
			sourceTree = "<group>";
		};
/* End PBXGroup section */

/* Begin PBXNativeTarget section */
		1F58AB4C1E088A690037EECF /* MyLocations */ = {
			isa = PBXNativeTarget;
			buildConfigurationList = 1F58AB611E088A6A0037EECF /* Build configuration list for PBXNativeTarget "MyLocations" */;
			buildPhases = (
				1F58AB491E088A690037EECF /* Sources */,
				1F58AB4A1E088A690037EECF /* Frameworks */,
				1F58AB4B1E088A690037EECF /* Resources */,
			);
			buildRules = (
			);
			dependencies = (
			);
			name = MyLocations;
			productName = MyLocations;
			productReference = 1F58AB4D1E088A6A0037EECF /* MyLocations.app */;
			productType = "com.apple.product-type.application";
		};
/* End PBXNativeTarget section */

/* Begin PBXProject section */
		1F58AB451E088A690037EECF /* Project object */ = {
			isa = PBXProject;
			attributes = {
				LastSwiftUpdateCheck = 0820;
				LastUpgradeCheck = 0820;
				ORGANIZATIONNAME = "Travis Cunningham";
				TargetAttributes = {
					1F58AB4C1E088A690037EECF = {
						CreatedOnToolsVersion = 8.2;
						DevelopmentTeam = HLC77V4C4H;
						ProvisioningStyle = Automatic;
						SystemCapabilities = {
							com.apple.Maps.iOS = {
								enabled = 1;
							};
						};
					};
				};
			};
			buildConfigurationList = 1F58AB481E088A690037EECF /* Build configuration list for PBXProject "MyLocations" */;
			compatibilityVersion = "Xcode 3.2";
			developmentRegion = English;
			hasScannedForEncodings = 0;
			knownRegions = (
				en,
				Base,
			);
			mainGroup = 1F58AB441E088A690037EECF;
			productRefGroup = 1F58AB4E1E088A6A0037EECF /* Products */;
			projectDirPath = "";
			projectRoot = "";
			targets = (
				1F58AB4C1E088A690037EECF /* MyLocations */,
			);
		};
/* End PBXProject section */

/* Begin PBXResourcesBuildPhase section */
		1F58AB4B1E088A690037EECF /* Resources */ = {
			isa = PBXResourcesBuildPhase;
			buildActionMask = 2147483647;
			files = (
				1F58AB5A1E088A6A0037EECF /* Assets.xcassets in Resources */,
				1F460B4A1E16DE6700BA4E53 /* Sound in Resources */,
				1F58AB581E088A6A0037EECF /* Main.storyboard in Resources */,
			);
			runOnlyForDeploymentPostprocessing = 0;
		};
/* End PBXResourcesBuildPhase section */

/* Begin PBXSourcesBuildPhase section */
		1F58AB491E088A690037EECF /* Sources */ = {
			isa = PBXSourcesBuildPhase;
			buildActionMask = 2147483647;
			files = (
				1FCB91571E09A477007EEFC6 /* LocationDetailsViewController.swift in Sources */,
				1FCCEE3A1E15F5C900B65675 /* MyNavigationController.swift in Sources */,
				1FD93E8D1E09FF36001AB5C5 /* DataModel.xcdatamodeld in Sources */,
				1FCCEE3C1E15F63200B65675 /* MyImagePickerController.swift in Sources */,
				1FD93E881E09D1E3001AB5C5 /* HudView.swift in Sources */,
				1FE187001E0B443A004A9A94 /* LocationsViewController.swift in Sources */,
				1FD93E911E0A0195001AB5C5 /* Location+CoreDataProperties.swift in Sources */,
				1FC387E61E0CAD9900D69304 /* MapViewController.swift in Sources */,
				1FCCEE341E15E7C200B65675 /* UIImage+Resize.swift in Sources */,
				1FE187041E0B5715004A9A94 /* LocationCell.swift in Sources */,
				1FD93E8A1E09DB24001AB5C5 /* Functions.swift in Sources */,
				1F58AB511E088A6A0037EECF /* AppDelegate.swift in Sources */,
				1FD93E901E0A0195001AB5C5 /* Location+CoreDataClass.swift in Sources */,
				1FCCEE361E15EEBB00B65675 /* String+AddText.swift in Sources */,
				1FD93E861E09BEA4001AB5C5 /* CategoryPickerViewController.swift in Sources */,
				1F58AB531E088A6A0037EECF /* CurrentLocationViewController.swift in Sources */,
				1FCCEE381E15F50F00B65675 /* MyTabBarController.swift in Sources */,
			);
			runOnlyForDeploymentPostprocessing = 0;
		};
/* End PBXSourcesBuildPhase section */

/* Begin PBXVariantGroup section */
		1F58AB561E088A6A0037EECF /* Main.storyboard */ = {
			isa = PBXVariantGroup;
			children = (
				1F58AB571E088A6A0037EECF /* Base */,
			);
			name = Main.storyboard;
			sourceTree = "<group>";
		};
/* End PBXVariantGroup section */

/* Begin XCBuildConfiguration section */
		1F58AB5F1E088A6A0037EECF /* Debug */ = {
			isa = XCBuildConfiguration;
			buildSettings = {
				ALWAYS_SEARCH_USER_PATHS = NO;
				CLANG_ANALYZER_NONNULL = YES;
				CLANG_CXX_LANGUAGE_STANDARD = "gnu++0x";
				CLANG_CXX_LIBRARY = "libc++";
				CLANG_ENABLE_MODULES = YES;
				CLANG_ENABLE_OBJC_ARC = YES;
				CLANG_WARN_BOOL_CONVERSION = YES;
				CLANG_WARN_CONSTANT_CONVERSION = YES;
				CLANG_WARN_DIRECT_OBJC_ISA_USAGE = YES_ERROR;
				CLANG_WARN_DOCUMENTATION_COMMENTS = YES;
				CLANG_WARN_EMPTY_BODY = YES;
				CLANG_WARN_ENUM_CONVERSION = YES;
				CLANG_WARN_INFINITE_RECURSION = YES;
				CLANG_WARN_INT_CONVERSION = YES;
				CLANG_WARN_OBJC_ROOT_CLASS = YES_ERROR;
				CLANG_WARN_SUSPICIOUS_MOVE = YES;
				CLANG_WARN_UNREACHABLE_CODE = YES;
				CLANG_WARN__DUPLICATE_METHOD_MATCH = YES;
				"CODE_SIGN_IDENTITY[sdk=iphoneos*]" = "iPhone Developer";
				COPY_PHASE_STRIP = NO;
				DEBUG_INFORMATION_FORMAT = dwarf;
				ENABLE_STRICT_OBJC_MSGSEND = YES;
				ENABLE_TESTABILITY = YES;
				GCC_C_LANGUAGE_STANDARD = gnu99;
				GCC_DYNAMIC_NO_PIC = NO;
				GCC_NO_COMMON_BLOCKS = YES;
				GCC_OPTIMIZATION_LEVEL = 0;
				GCC_PREPROCESSOR_DEFINITIONS = (
					"DEBUG=1",
					"$(inherited)",
				);
				GCC_WARN_64_TO_32_BIT_CONVERSION = YES;
				GCC_WARN_ABOUT_RETURN_TYPE = YES_ERROR;
				GCC_WARN_UNDECLARED_SELECTOR = YES;
				GCC_WARN_UNINITIALIZED_AUTOS = YES_AGGRESSIVE;
				GCC_WARN_UNUSED_FUNCTION = YES;
				GCC_WARN_UNUSED_VARIABLE = YES;
				IPHONEOS_DEPLOYMENT_TARGET = 10.2;
				MTL_ENABLE_DEBUG_INFO = YES;
				ONLY_ACTIVE_ARCH = YES;
				SDKROOT = iphoneos;
				SWIFT_ACTIVE_COMPILATION_CONDITIONS = DEBUG;
				SWIFT_OPTIMIZATION_LEVEL = "-Onone";
			};
			name = Debug;
		};
		1F58AB601E088A6A0037EECF /* Release */ = {
			isa = XCBuildConfiguration;
			buildSettings = {
				ALWAYS_SEARCH_USER_PATHS = NO;
				CLANG_ANALYZER_NONNULL = YES;
				CLANG_CXX_LANGUAGE_STANDARD = "gnu++0x";
				CLANG_CXX_LIBRARY = "libc++";
				CLANG_ENABLE_MODULES = YES;
				CLANG_ENABLE_OBJC_ARC = YES;
				CLANG_WARN_BOOL_CONVERSION = YES;
				CLANG_WARN_CONSTANT_CONVERSION = YES;
				CLANG_WARN_DIRECT_OBJC_ISA_USAGE = YES_ERROR;
				CLANG_WARN_DOCUMENTATION_COMMENTS = YES;
				CLANG_WARN_EMPTY_BODY = YES;
				CLANG_WARN_ENUM_CONVERSION = YES;
				CLANG_WARN_INFINITE_RECURSION = YES;
				CLANG_WARN_INT_CONVERSION = YES;
				CLANG_WARN_OBJC_ROOT_CLASS = YES_ERROR;
				CLANG_WARN_SUSPICIOUS_MOVE = YES;
				CLANG_WARN_UNREACHABLE_CODE = YES;
				CLANG_WARN__DUPLICATE_METHOD_MATCH = YES;
				"CODE_SIGN_IDENTITY[sdk=iphoneos*]" = "iPhone Developer";
				COPY_PHASE_STRIP = NO;
				DEBUG_INFORMATION_FORMAT = "dwarf-with-dsym";
				ENABLE_NS_ASSERTIONS = NO;
				ENABLE_STRICT_OBJC_MSGSEND = YES;
				GCC_C_LANGUAGE_STANDARD = gnu99;
				GCC_NO_COMMON_BLOCKS = YES;
				GCC_WARN_64_TO_32_BIT_CONVERSION = YES;
				GCC_WARN_ABOUT_RETURN_TYPE = YES_ERROR;
				GCC_WARN_UNDECLARED_SELECTOR = YES;
				GCC_WARN_UNINITIALIZED_AUTOS = YES_AGGRESSIVE;
				GCC_WARN_UNUSED_FUNCTION = YES;
				GCC_WARN_UNUSED_VARIABLE = YES;
				IPHONEOS_DEPLOYMENT_TARGET = 10.2;
				MTL_ENABLE_DEBUG_INFO = NO;
				SDKROOT = iphoneos;
				SWIFT_OPTIMIZATION_LEVEL = "-Owholemodule";
				VALIDATE_PRODUCT = YES;
			};
			name = Release;
		};
		1F58AB621E088A6A0037EECF /* Debug */ = {
			isa = XCBuildConfiguration;
			buildSettings = {
				ASSETCATALOG_COMPILER_APPICON_NAME = AppIcon;
				ASSETCATALOG_COMPILER_LAUNCHIMAGE_NAME = LaunchImage;
				DEVELOPMENT_TEAM = HLC77V4C4H;
				INFOPLIST_FILE = MyLocations/Info.plist;
				LD_RUNPATH_SEARCH_PATHS = "$(inherited) @executable_path/Frameworks";
				PRODUCT_BUNDLE_IDENTIFIER = com.cunningham.travis.MyLocations;
				PRODUCT_NAME = "$(TARGET_NAME)";
				SWIFT_VERSION = 3.0;
			};
			name = Debug;
		};
		1F58AB631E088A6A0037EECF /* Release */ = {
			isa = XCBuildConfiguration;
			buildSettings = {
				ASSETCATALOG_COMPILER_APPICON_NAME = AppIcon;
				ASSETCATALOG_COMPILER_LAUNCHIMAGE_NAME = LaunchImage;
				DEVELOPMENT_TEAM = HLC77V4C4H;
				INFOPLIST_FILE = MyLocations/Info.plist;
				LD_RUNPATH_SEARCH_PATHS = "$(inherited) @executable_path/Frameworks";
				PRODUCT_BUNDLE_IDENTIFIER = com.cunningham.travis.MyLocations;
				PRODUCT_NAME = "$(TARGET_NAME)";
				SWIFT_VERSION = 3.0;
			};
			name = Release;
		};
/* End XCBuildConfiguration section */

/* Begin XCConfigurationList section */
		1F58AB481E088A690037EECF /* Build configuration list for PBXProject "MyLocations" */ = {
			isa = XCConfigurationList;
			buildConfigurations = (
				1F58AB5F1E088A6A0037EECF /* Debug */,
				1F58AB601E088A6A0037EECF /* Release */,
			);
			defaultConfigurationIsVisible = 0;
			defaultConfigurationName = Release;
		};
		1F58AB611E088A6A0037EECF /* Build configuration list for PBXNativeTarget "MyLocations" */ = {
			isa = XCConfigurationList;
			buildConfigurations = (
				1F58AB621E088A6A0037EECF /* Debug */,
				1F58AB631E088A6A0037EECF /* Release */,
			);
			defaultConfigurationIsVisible = 0;
			defaultConfigurationName = Release;
		};
/* End XCConfigurationList section */

/* Begin XCVersionGroup section */
		1FD93E8B1E09FF36001AB5C5 /* DataModel.xcdatamodeld */ = {
			isa = XCVersionGroup;
			children = (
				1FD93E8C1E09FF36001AB5C5 /* DataModel.xcdatamodel */,
			);
			currentVersion = 1FD93E8C1E09FF36001AB5C5 /* DataModel.xcdatamodel */;
			path = DataModel.xcdatamodeld;
			sourceTree = "<group>";
			versionGroupType = wrapper.xcdatamodel;
		};
/* End XCVersionGroup section */
	};
	rootObject = 1F58AB451E088A690037EECF /* Project object */;
}
